
Microsoft Visual Studio Solution File, Format Version 12.00
# Visual Studio Version 17
VisualStudioVersion = 17.14.36518.9 d17.14
MinimumVisualStudioVersion = 10.0.40219.1
Project("{FAE04EC0-301F-11D3-BF4B-00C04F79EFBC}") = "FolhaDePagamento", "FolhaDePagamento.csproj", "{1B6B0650-A186-41A4-B84F-A3EB305D42D7}"
EndProject
Global
	GlobalSection(SolutionConfigurationPlatforms) = preSolution
		Debug|Any CPU = Debug|Any CPU
		Release|Any CPU = Release|Any CPU
	EndGlobalSection
	GlobalSection(ProjectConfigurationPlatforms) = postSolution
		{1B6B0650-A186-41A4-B84F-A3EB305D42D7}.Debug|Any CPU.ActiveCfg = Debug|Any CPU
		{1B6B0650-A186-41A4-B84F-A3EB305D42D7}.Debug|Any CPU.Build.0 = Debug|Any CPU
		{1B6B0650-A186-41A4-B84F-A3EB305D42D7}.Release|Any CPU.ActiveCfg = Release|Any CPU
		{1B6B0650-A186-41A4-B84F-A3EB305D42D7}.Release|Any CPU.Build.0 = Release|Any CPU
	EndGlobalSection
	GlobalSection(SolutionProperties) = preSolution
		HideSolutionNode = FALSE
	EndGlobalSection
	GlobalSection(ExtensibilityGlobals) = postSolution
		SolutionGuid = {14C3A5A0-5AE0-419D-9CAF-CC67F8FFC998}
	EndGlobalSection
EndGlobal
